
Microsoft Visual Studio Solution File, Format Version 12.00
# Visual Studio Version 17
VisualStudioVersion = 17.13.35919.96 d17.13
MinimumVisualStudioVersion = 10.0.40219.1
Project("{FAE04EC0-301F-11D3-BF4B-00C04F79EFBC}") = "Lager automation", "Lager automation\Lager automation.csproj", "{C6D23F07-81D7-4B75-9F7D-C73B5FCE0ED0}"
EndProject
Global
	GlobalSection(SolutionConfigurationPlatforms) = preSolution
		Debug|Any CPU = Debug|Any CPU
		Release|Any CPU = Release|Any CPU
	EndGlobalSection
	GlobalSection(ProjectConfigurationPlatforms) = postSolution
		{C6D23F07-81D7-4B75-9F7D-C73B5FCE0ED0}.Debug|Any CPU.ActiveCfg = Debug|Any CPU
		{C6D23F07-81D7-4B75-9F7D-C73B5FCE0ED0}.Debug|Any CPU.Build.0 = Debug|Any CPU
		{C6D23F07-81D7-4B75-9F7D-C73B5FCE0ED0}.Release|Any CPU.ActiveCfg = Release|Any CPU
		{C6D23F07-81D7-4B75-9F7D-C73B5FCE0ED0}.Release|Any CPU.Build.0 = Release|Any CPU
	EndGlobalSection
	GlobalSection(SolutionProperties) = preSolution
		HideSolutionNode = FALSE
	EndGlobalSection
	GlobalSection(ExtensibilityGlobals) = postSolution
		SolutionGuid = {10823390-2008-4F23-93FB-0F3FF5970541}
	EndGlobalSection
EndGlobal
